NeoBundleLock VimClojure 2a17c249571395a7f45523d38cac6a9326ecf8f1
NeoBundleLock agit.vim d40a688b60aeb562801a7be58953f84d611639eb
NeoBundleLock jellybeans.vim e0b9ef9ff42b91133d7da5d36d2c264994cc3cdd
NeoBundleLock lucius 7ed02d3e4a8f2cfeda03ac67cf6879098cbc068a
NeoBundleLock molokai c67bdfcdb31415aa0ade7f8c003261700a885476
NeoBundleLock neobundle.vim 6bf4fa1cf3cebfed76f5e300949faef0b78fbfbc
NeoBundleLock neocomplcache 778181767467b8f8016828898779a646074d883a
NeoBundleLock neosnippet ce3c3d209c38a6d87bbf1408d293e179f95e7bb8
NeoBundleLock nerdtree 35c859179da4ad4f96eb8255e428904436a0b4b4
NeoBundleLock open-browser-github.vim 87fc59a81a2857045c514751bcbf99f46e1d1c68
NeoBundleLock open-browser.vim a3d9bba498c610a2bb1029fd51a3ac3b6b144147
NeoBundleLock syntastic 23abc77a83a91c918e19e6967245561c6867bafd
NeoBundleLock unite-colorscheme 3aa33866a183f7659594a3f6b66b2334eaebc6a0
NeoBundleLock unite.vim 73df97bcb024952721a1e9f50ad2b43b2dbc99f8
NeoBundleLock vim-autoclose a9a3b7384657bc1f60a963fd6c08c63fc48d61c3
NeoBundleLock vim-colors-solarized 528a59f26d12278698bb946f8fb82a63711eec21
NeoBundleLock vim-colors-wombat fb44c8db8563946de191b1856e3cfffe0cdb622d
NeoBundleLock vim-fugitive bdd216827ae53cdf70d933bb30762da9bf42cad4
NeoBundleLock vim-hybrid cc58baabeabc7b83768e25b852bf89c34756bf90
NeoBundleLock vim-slime b0d18f3c7394d2c04082668bde9542194f2b5adc
NeoBundleLock vimproc 0ff17bc0725cd0323df87664fa02b1436349f667
NeoBundleLock vimshell bdcd197b701734a743903c7547e9f56842701614
